# This file is automatically @generated by Poetry 1.7.1 and should not be changed by hand.

[[package]]
name = "certifi"
version = "2024.2.2"
description = "Python package for providing Mozilla's CA Bundle."
optional = false
python-versions = ">=3.6"
files = [
    {file = "certifi-2024.2.2-py3-none-any.whl", hash = "sha256:dc383c07b76109f368f6106eee2b593b04a011ea4d55f652c6ca24a754d1cdd1"},
    {file = "certifi-2024.2.2.tar.gz", hash = "sha256:0569859f95fc761b18b45ef421b1290a0f65f147e92a1e5eb3e635f9a5e4e66f"},
]

[[package]]
name = "elastic-transport"
version = "8.12.0"
description = "Transport classes and utilities shared among Python Elastic client libraries"
optional = false
python-versions = ">=3.7"
files = [
    {file = "elastic-transport-8.12.0.tar.gz", hash = "sha256:48839b942fcce199eece1558ecea6272e116c58da87ca8d495ef12eb61effaf7"},
    {file = "elastic_transport-8.12.0-py3-none-any.whl", hash = "sha256:87d9dc9dee64a05235e7624ed7e6ab6e5ca16619aa7a6d22e853273b9f1cfbee"},
]

[package.dependencies]
certifi = "*"
urllib3 = ">=1.26.2,<3"

[package.extras]
develop = ["aiohttp", "furo", "mock", "pytest", "pytest-asyncio", "pytest-cov", "pytest-httpserver", "pytest-mock", "requests", "sphinx (>2)", "sphinx-autodoc-typehints", "trustme"]

[[package]]
name = "elasticsearch"
version = "8.12.1"
description = "Python client for Elasticsearch"
optional = false
python-versions = ">=3.7"
files = [
    {file = "elasticsearch-8.12.1-py3-none-any.whl", hash = "sha256:cc459b7e0fb88dc85b43b9d7d254cffad552b0063a3e0a12290c8fa5f138c038"},
    {file = "elasticsearch-8.12.1.tar.gz", hash = "sha256:00c997720fbd0f2afe5417c8193cf65d116817a0250de0521e30c3e81f00b8ac"},
]

[package.dependencies]
elastic-transport = ">=8,<9"

[package.extras]
async = ["aiohttp (>=3,<4)"]
requests = ["requests (>=2.4.0,<3.0.0)"]

[[package]]
name = "faker"
version = "23.3.0"
description = "Faker is a Python package that generates fake data for you."
optional = false
python-versions = ">=3.8"
files = [
    {file = "Faker-23.3.0-py3-none-any.whl", hash = "sha256:117ce1a2805c1bc5ca753b3dc6f9d567732893b2294b827d3164261ee8f20267"},
    {file = "Faker-23.3.0.tar.gz", hash = "sha256:458d93580de34403a8dec1e8d5e6be2fee96c4deca63b95d71df7a6a80a690de"},
]

[package.dependencies]
python-dateutil = ">=2.4"
typing-extensions = {version = ">=3.10.0.1", markers = "python_version <= \"3.8\""}

[[package]]
name = "python-dateutil"
version = "2.9.0.post0"
description = "Extensions to the standard Python datetime module"
optional = false
python-versions = "!=3.0.*,!=3.1.*,!=3.2.*,>=2.7"
files = [
    {file = "python-dateutil-2.9.0.post0.tar.gz", hash = "sha256:37dd54208da7e1cd875388217d5e00ebd4179249f90fb72437e91a35459a0ad3"},
    {file = "python_dateutil-2.9.0.post0-py2.py3-none-any.whl", hash = "sha256:a8b2bc7bffae282281c8140a97d3aa9c14da0b136dfe83f850eea9a5f7470427"},
]

[package.dependencies]
six = ">=1.5"

[[package]]
name = "six"
version = "1.16.0"
description = "Python 2 and 3 compatibility utilities"
optional = false
python-versions = ">=2.7, !=3.0.*, !=3.1.*, !=3.2.*"
files = [
    {file = "six-1.16.0-py2.py3-none-any.whl", hash = "sha256:8abb2f1d86890a2dfb989f9a77cfcfd3e47c2a354b01111771326f8aa26e0254"},
    {file = "six-1.16.0.tar.gz", hash = "sha256:1e61c37477a1626458e36f7b1d82aa5c9b094fa4802892072e49de9c60c4c926"},
]

[[package]]
name = "typing-extensions"
version = "4.10.0"
description = "Backported and Experimental Type Hints for Python 3.8+"
optional = false
python-versions = ">=3.8"
files = [
    {file = "typing_extensions-4.10.0-py3-none-any.whl", hash = "sha256:69b1a937c3a517342112fb4c6df7e72fc39a38e7891a5730ed4985b5214b5475"},
    {file = "typing_extensions-4.10.0.tar.gz", hash = "sha256:b0abd7c89e8fb96f98db18d86106ff1d90ab692004eb746cf6eda2682f91b3cb"},
]

[[package]]
name = "urllib3"
version = "2.2.1"
description = "HTTP library with thread-safe connection pooling, file post, and more."
optional = false
python-versions = ">=3.8"
files = [
    {file = "urllib3-2.2.1-py3-none-any.whl", hash = "sha256:450b20ec296a467077128bff42b73080516e71b56ff59a60a02bef2232c4fa9d"},
    {file = "urllib3-2.2.1.tar.gz", hash = "sha256:d0570876c61ab9e520d776c38acbbb5b05a776d3f9ff98a5c8fd5162a444cf19"},
]

[package.extras]
brotli = ["brotli (>=1.0.9)", "brotlicffi (>=0.8.0)"]
h2 = ["h2 (>=4,<5)"]
socks = ["pysocks (>=1.5.6,!=1.5.7,<2.0)"]
zstd = ["zstandard (>=0.18.0)"]

[metadata]
lock-version = "2.0"
python-versions = "^3.8"
content-hash = "4f50378c0b3f57e7037a1cc6b3a319d3fe832dfc05b1d196cb5d1dd15e98eefe"
