# This file is automatically @generated by Poetry 1.7.1 and should not be changed by hand.

[[package]]
name = "certifi"
version = "2024.2.2"
description = "Python package for providing Mozilla's CA Bundle."
optional = false
python-versions = ">=3.6"
files = [
    {file = "certifi-2024.2.2-py3-none-any.whl", hash = "sha256:dc383c07b76109f368f6106eee2b593b04a011ea4d55f652c6ca24a754d1cdd1"},
    {file = "certifi-2024.2.2.tar.gz", hash = "sha256:0569859f95fc761b18b45ef421b1290a0f65f147e92a1e5eb3e635f9a5e4e66f"},
]

[[package]]
name = "elastic-transport"
version = "8.12.0"
description = "Transport classes and utilities shared among Python Elastic client libraries"
optional = false
python-versions = ">=3.7"
files = [
    {file = "elastic-transport-8.12.0.tar.gz", hash = "sha256:48839b942fcce199eece1558ecea6272e116c58da87ca8d495ef12eb61effaf7"},
    {file = "elastic_transport-8.12.0-py3-none-any.whl", hash = "sha256:87d9dc9dee64a05235e7624ed7e6ab6e5ca16619aa7a6d22e853273b9f1cfbee"},
]

[package.dependencies]
certifi = "*"
urllib3 = ">=1.26.2,<3"

[package.extras]
develop = ["aiohttp", "furo", "mock", "pytest", "pytest-asyncio", "pytest-cov", "pytest-httpserver", "pytest-mock", "requests", "sphinx (>2)", "sphinx-autodoc-typehints", "trustme"]

[[package]]
name = "elasticsearch"
version = "8.12.1"
description = "Python client for Elasticsearch"
optional = false
python-versions = ">=3.7"
files = [
    {file = "elasticsearch-8.12.1-py3-none-any.whl", hash = "sha256:cc459b7e0fb88dc85b43b9d7d254cffad552b0063a3e0a12290c8fa5f138c038"},
    {file = "elasticsearch-8.12.1.tar.gz", hash = "sha256:00c997720fbd0f2afe5417c8193cf65d116817a0250de0521e30c3e81f00b8ac"},
]

[package.dependencies]
elastic-transport = ">=8,<9"

[package.extras]
async = ["aiohttp (>=3,<4)"]
requests = ["requests (>=2.4.0,<3.0.0)"]

[[package]]
name = "urllib3"
version = "2.2.1"
description = "HTTP library with thread-safe connection pooling, file post, and more."
optional = false
python-versions = ">=3.8"
files = [
    {file = "urllib3-2.2.1-py3-none-any.whl", hash = "sha256:450b20ec296a467077128bff42b73080516e71b56ff59a60a02bef2232c4fa9d"},
    {file = "urllib3-2.2.1.tar.gz", hash = "sha256:d0570876c61ab9e520d776c38acbbb5b05a776d3f9ff98a5c8fd5162a444cf19"},
]

[package.extras]
brotli = ["brotli (>=1.0.9)", "brotlicffi (>=0.8.0)"]
h2 = ["h2 (>=4,<5)"]
socks = ["pysocks (>=1.5.6,!=1.5.7,<2.0)"]
zstd = ["zstandard (>=0.18.0)"]

[metadata]
lock-version = "2.0"
python-versions = "^3.8"
content-hash = "1d262067e707c290b90dd05b2abd64447828e028f39073a7c14a98da6848d89a"
